
Microsoft Visual Studio Solution File, Format Version 12.00
# Visual Studio Version 17
VisualStudioVersion = 17.0.31903.59
MinimumVisualStudioVersion = 10.0.40219.1
Project("{FAE04EC0-301F-11D3-BF4B-00C04F79EFBC}") = "WebFootballApp", "WebFootballApp.csproj", "{9E1C531C-04F0-4AB2-93EF-BEEA24731B72}"
EndProject
Global
	GlobalSection(SolutionConfigurationPlatforms) = preSolution
		Debug|Any CPU = Debug|Any CPU
		Release|Any CPU = Release|Any CPU
	EndGlobalSection
	GlobalSection(ProjectConfigurationPlatforms) = postSolution
		{9E1C531C-04F0-4AB2-93EF-BEEA24731B72}.Debug|Any CPU.ActiveCfg = Debug|Any CPU
		{9E1C531C-04F0-4AB2-93EF-BEEA24731B72}.Debug|Any CPU.Build.0 = Debug|Any CPU
		{9E1C531C-04F0-4AB2-93EF-BEEA24731B72}.Release|Any CPU.ActiveCfg = Release|Any CPU
		{9E1C531C-04F0-4AB2-93EF-BEEA24731B72}.Release|Any CPU.Build.0 = Release|Any CPU
	EndGlobalSection
	GlobalSection(SolutionProperties) = preSolution
		HideSolutionNode = FALSE
	EndGlobalSection
	GlobalSection(ExtensibilityGlobals) = postSolution
		SolutionGuid = {EDC8D504-A559-4A6F-97E1-88E753211E29}
	EndGlobalSection
EndGlobal
